// !$*UTF8*$!
{
	archiveVersion = 1;
	classes = {
	};
	objectVersion = 50;
	objects = {

/* Begin PBXBuildFile section */
		37148EA925B4351C006AEE32 /* AudioKit_SysEx_crashApp.swift in Sources */ = {isa = PBXBuildFile; fileRef = 37148EA825B4351C006AEE32 /* AudioKit_SysEx_crashApp.swift */; };
		37148EAB25B4351C006AEE32 /* ContentView.swift in Sources */ = {isa = PBXBuildFile; fileRef = 37148EAA25B4351C006AEE32 /* ContentView.swift */; };
		37148EAD25B4351E006AEE32 /* Assets.xcassets in Resources */ = {isa = PBXBuildFile; fileRef = 37148EAC25B4351E006AEE32 /* Assets.xcassets */; };
		37148EB025B4351E006AEE32 /* Preview Assets.xcassets in Resources */ = {isa = PBXBuildFile; fileRef = 37148EAF25B4351E006AEE32 /* Preview Assets.xcassets */; };
/* End PBXBuildFile section */

/* Begin PBXFileReference section */
		37148EA525B4351C006AEE32 /* AudioKit SysEx crash.app */ = {isa = PBXFileReference; explicitFileType = wrapper.application; includeInIndex = 0; path = "AudioKit SysEx crash.app"; sourceTree = BUILT_PRODUCTS_DIR; };
		37148EA825B4351C006AEE32 /* AudioKit_SysEx_crashApp.swift */ = {isa = PBXFileReference; lastKnownFileType = sourcecode.swift; path = AudioKit_SysEx_crashApp.swift; sourceTree = "<group>"; };
		37148EAA25B4351C006AEE32 /* ContentView.swift */ = {isa = PBXFileReference; lastKnownFileType = sourcecode.swift; path = ContentView.swift; sourceTree = "<group>"; };
		37148EAC25B4351E006AEE32 /* Assets.xcassets */ = {isa = PBXFileReference; lastKnownFileType = folder.assetcatalog; path = Assets.xcassets; sourceTree = "<group>"; };
		37148EAF25B4351E006AEE32 /* Preview Assets.xcassets */ = {isa = PBXFileReference; lastKnownFileType = folder.assetcatalog; path = "Preview Assets.xcassets"; sourceTree = "<group>"; };
		37148EB125B4351E006AEE32 /* Info.plist */ = {isa = PBXFileReference; lastKnownFileType = text.plist.xml; path = Info.plist; sourceTree = "<group>"; };
/* End PBXFileReference section */

/* Begin PBXFrameworksBuildPhase section */
		37148EA225B4351C006AEE32 /* Frameworks */ = {
			isa = PBXFrameworksBuildPhase;
			buildActionMask = 2147483647;
			files = (
			);
			runOnlyForDeploymentPostprocessing = 0;
		};
/* End PBXFrameworksBuildPhase section */

/* Begin PBXGroup section */
		37148E9C25B4351C006AEE32 = {
			isa = PBXGroup;
			children = (
				37148EA725B4351C006AEE32 /* AudioKit SysEx crash */,
				37148EA625B4351C006AEE32 /* Products */,
			);
			sourceTree = "<group>";
		};
		37148EA625B4351C006AEE32 /* Products */ = {
			isa = PBXGroup;
			children = (
				37148EA525B4351C006AEE32 /* AudioKit SysEx crash.app */,
			);
			name = Products;
			sourceTree = "<group>";
		};
		37148EA725B4351C006AEE32 /* AudioKit SysEx crash */ = {
			isa = PBXGroup;
			children = (
				37148EA825B4351C006AEE32 /* AudioKit_SysEx_crashApp.swift */,
				37148EAA25B4351C006AEE32 /* ContentView.swift */,
				37148EAC25B4351E006AEE32 /* Assets.xcassets */,
				37148EB125B4351E006AEE32 /* Info.plist */,
				37148EAE25B4351E006AEE32 /* Preview Content */,
			);
			path = "AudioKit SysEx crash";
			sourceTree = "<group>";
		};
		37148EAE25B4351E006AEE32 /* Preview Content */ = {
			isa = PBXGroup;
			children = (
				37148EAF25B4351E006AEE32 /* Preview Assets.xcassets */,
			);
			path = "Preview Content";
			sourceTree = "<group>";
		};
/* End PBXGroup section */

/* Begin PBXNativeTarget section */
		37148EA425B4351C006AEE32 /* AudioKit SysEx crash */ = {
			isa = PBXNativeTarget;
			buildConfigurationList = 37148EB425B4351E006AEE32 /* Build configuration list for PBXNativeTarget "AudioKit SysEx crash" */;
			buildPhases = (
				37148EA125B4351C006AEE32 /* Sources */,
				37148EA225B4351C006AEE32 /* Frameworks */,
				37148EA325B4351C006AEE32 /* Resources */,
			);
			buildRules = (
			);
			dependencies = (
			);
			name = "AudioKit SysEx crash";
			productName = "AudioKit SysEx crash";
			productReference = 37148EA525B4351C006AEE32 /* AudioKit SysEx crash.app */;
			productType = "com.apple.product-type.application";
		};
/* End PBXNativeTarget section */

/* Begin PBXProject section */
		37148E9D25B4351C006AEE32 /* Project object */ = {
			isa = PBXProject;
			attributes = {
				LastSwiftUpdateCheck = 1230;
				LastUpgradeCheck = 1230;
				TargetAttributes = {
					37148EA425B4351C006AEE32 = {
						CreatedOnToolsVersion = 12.3;
					};
				};
			};
			buildConfigurationList = 37148EA025B4351C006AEE32 /* Build configuration list for PBXProject "AudioKit SysEx crash" */;
			compatibilityVersion = "Xcode 9.3";
			developmentRegion = en;
			hasScannedForEncodings = 0;
			knownRegions = (
				en,
				Base,
			);
			mainGroup = 37148E9C25B4351C006AEE32;
			productRefGroup = 37148EA625B4351C006AEE32 /* Products */;
			projectDirPath = "";
			projectRoot = "";
			targets = (
				37148EA425B4351C006AEE32 /* AudioKit SysEx crash */,
			);
		};
/* End PBXProject section */

/* Begin PBXResourcesBuildPhase section */
		37148EA325B4351C006AEE32 /* Resources */ = {
			isa = PBXResourcesBuildPhase;
			buildActionMask = 2147483647;
			files = (
				37148EB025B4351E006AEE32 /* Preview Assets.xcassets in Resources */,
				37148EAD25B4351E006AEE32 /* Assets.xcassets in Resources */,
			);
			runOnlyForDeploymentPostprocessing = 0;
		};
/* End PBXResourcesBuildPhase section */

/* Begin PBXSourcesBuildPhase section */
		37148EA125B4351C006AEE32 /* Sources */ = {
			isa = PBXSourcesBuildPhase;
			buildActionMask = 2147483647;
			files = (
				37148EAB25B4351C006AEE32 /* ContentView.swift in Sources */,
				37148EA925B4351C006AEE32 /* AudioKit_SysEx_crashApp.swift in Sources */,
			);
			runOnlyForDeploymentPostprocessing = 0;
		};
/* End PBXSourcesBuildPhase section */

/* Begin XCBuildConfiguration section */
		37148EB225B4351E006AEE32 /* Debug */ = {
			isa = XCBuildConfiguration;
			buildSettings = {
				ALWAYS_SEARCH_USER_PATHS = NO;
				CLANG_ANALYZER_NONNULL = YES;
				CLANG_ANALYZER_NUMBER_OBJECT_CONVERSION = YES_AGGRESSIVE;
				CLANG_CXX_LANGUAGE_STANDARD = "gnu++14";
				CLANG_CXX_LIBRARY = "libc++";
				CLANG_ENABLE_MODULES = YES;
				CLANG_ENABLE_OBJC_ARC = YES;
				CLANG_ENABLE_OBJC_WEAK = YES;
				CLANG_WARN_BLOCK_CAPTURE_AUTORELEASING = YES;
				CLANG_WARN_BOOL_CONVERSION = YES;
				CLANG_WARN_COMMA = YES;
				CLANG_WARN_CONSTANT_CONVERSION = YES;
				CLANG_WARN_DEPRECATED_OBJC_IMPLEMENTATIONS = YES;
				CLANG_WARN_DIRECT_OBJC_ISA_USAGE = YES_ERROR;
				CLANG_WARN_DOCUMENTATION_COMMENTS = YES;
				CLANG_WARN_EMPTY_BODY = YES;
				CLANG_WARN_ENUM_CONVERSION = YES;
				CLANG_WARN_INFINITE_RECURSION = YES;
				CLANG_WARN_INT_CONVERSION = YES;
				CLANG_WARN_NON_LITERAL_NULL_CONVERSION = YES;
				CLANG_WARN_OBJC_IMPLICIT_RETAIN_SELF = YES;
				CLANG_WARN_OBJC_LITERAL_CONVERSION = YES;
				CLANG_WARN_OBJC_ROOT_CLASS = YES_ERROR;
				CLANG_WARN_QUOTED_INCLUDE_IN_FRAMEWORK_HEADER = YES;
				CLANG_WARN_RANGE_LOOP_ANALYSIS = YES;
				CLANG_WARN_STRICT_PROTOTYPES = YES;
				CLANG_WARN_SUSPICIOUS_MOVE = YES;
				CLANG_WARN_UNGUARDED_AVAILABILITY = YES_AGGRESSIVE;
				CLANG_WARN_UNREACHABLE_CODE = YES;
				CLANG_WARN__DUPLICATE_METHOD_MATCH = YES;
				COPY_PHASE_STRIP = NO;
				DEBUG_INFORMATION_FORMAT = dwarf;
				ENABLE_STRICT_OBJC_MSGSEND = YES;
				ENABLE_TESTABILITY = YES;
				GCC_C_LANGUAGE_STANDARD = gnu11;
				GCC_DYNAMIC_NO_PIC = NO;
				GCC_NO_COMMON_BLOCKS = YES;
				GCC_OPTIMIZATION_LEVEL = 0;
				GCC_PREPROCESSOR_DEFINITIONS = (
					"DEBUG=1",
					"$(inherited)",
				);
				GCC_WARN_64_TO_32_BIT_CONVERSION = YES;
				GCC_WARN_ABOUT_RETURN_TYPE = YES_ERROR;
				GCC_WARN_UNDECLARED_SELECTOR = YES;
				GCC_WARN_UNINITIALIZED_AUTOS = YES_AGGRESSIVE;
				GCC_WARN_UNUSED_FUNCTION = YES;
				GCC_WARN_UNUSED_VARIABLE = YES;
				IPHONEOS_DEPLOYMENT_TARGET = 14.3;
				MTL_ENABLE_DEBUG_INFO = INCLUDE_SOURCE;
				MTL_FAST_MATH = YES;
				ONLY_ACTIVE_ARCH = YES;
				SDKROOT = iphoneos;
				SWIFT_ACTIVE_COMPILATION_CONDITIONS = DEBUG;
				SWIFT_OPTIMIZATION_LEVEL = "-Onone";
			};
			name = Debug;
		};
		37148EB325B4351E006AEE32 /* Release */ = {
			isa = XCBuildConfiguration;
			buildSettings = {
				ALWAYS_SEARCH_USER_PATHS = NO;
				CLANG_ANALYZER_NONNULL = YES;
				CLANG_ANALYZER_NUMBER_OBJECT_CONVERSION = YES_AGGRESSIVE;
				CLANG_CXX_LANGUAGE_STANDARD = "gnu++14";
				CLANG_CXX_LIBRARY = "libc++";
				CLANG_ENABLE_MODULES = YES;
				CLANG_ENABLE_OBJC_ARC = YES;
				CLANG_ENABLE_OBJC_WEAK = YES;
				CLANG_WARN_BLOCK_CAPTURE_AUTORELEASING = YES;
				CLANG_WARN_BOOL_CONVERSION = YES;
				CLANG_WARN_COMMA = YES;
				CLANG_WARN_CONSTANT_CONVERSION = YES;
				CLANG_WARN_DEPRECATED_OBJC_IMPLEMENTATIONS = YES;
				CLANG_WARN_DIRECT_OBJC_ISA_USAGE = YES_ERROR;
				CLANG_WARN_DOCUMENTATION_COMMENTS = YES;
				CLANG_WARN_EMPTY_BODY = YES;
				CLANG_WARN_ENUM_CONVERSION = YES;
				CLANG_WARN_INFINITE_RECURSION = YES;
				CLANG_WARN_INT_CONVERSION = YES;
				CLANG_WARN_NON_LITERAL_NULL_CONVERSION = YES;
				CLANG_WARN_OBJC_IMPLICIT_RETAIN_SELF = YES;
				CLANG_WARN_OBJC_LITERAL_CONVERSION = YES;
				CLANG_WARN_OBJC_ROOT_CLASS = YES_ERROR;
				CLANG_WARN_QUOTED_INCLUDE_IN_FRAMEWORK_HEADER = YES;
				CLANG_WARN_RANGE_LOOP_ANALYSIS = YES;
				CLANG_WARN_STRICT_PROTOTYPES = YES;
				CLANG_WARN_SUSPICIOUS_MOVE = YES;
				CLANG_WARN_UNGUARDED_AVAILABILITY = YES_AGGRESSIVE;
				CLANG_WARN_UNREACHABLE_CODE = YES;
				CLANG_WARN__DUPLICATE_METHOD_MATCH = YES;
				COPY_PHASE_STRIP = NO;
				DEBUG_INFORMATION_FORMAT = "dwarf-with-dsym";
				ENABLE_NS_ASSERTIONS = NO;
				ENABLE_STRICT_OBJC_MSGSEND = YES;
				GCC_C_LANGUAGE_STANDARD = gnu11;
				GCC_NO_COMMON_BLOCKS = YES;
				GCC_WARN_64_TO_32_BIT_CONVERSION = YES;
				GCC_WARN_ABOUT_RETURN_TYPE = YES_ERROR;
				GCC_WARN_UNDECLARED_SELECTOR = YES;
				GCC_WARN_UNINITIALIZED_AUTOS = YES_AGGRESSIVE;
				GCC_WARN_UNUSED_FUNCTION = YES;
				GCC_WARN_UNUSED_VARIABLE = YES;
				IPHONEOS_DEPLOYMENT_TARGET = 14.3;
				MTL_ENABLE_DEBUG_INFO = NO;
				MTL_FAST_MATH = YES;
				SDKROOT = iphoneos;
				SWIFT_COMPILATION_MODE = wholemodule;
				SWIFT_OPTIMIZATION_LEVEL = "-O";
				VALIDATE_PRODUCT = YES;
			};
			name = Release;
		};
		37148EB525B4351E006AEE32 /* Debug */ = {
			isa = XCBuildConfiguration;
			buildSettings = {
				ASSETCATALOG_COMPILER_APPICON_NAME = AppIcon;
				ASSETCATALOG_COMPILER_GLOBAL_ACCENT_COLOR_NAME = AccentColor;
				CODE_SIGN_STYLE = Automatic;
				DEVELOPMENT_ASSET_PATHS = "\"AudioKit SysEx crash/Preview Content\"";
				DEVELOPMENT_TEAM = VG27CYE64F;
				ENABLE_PREVIEWS = YES;
				INFOPLIST_FILE = "AudioKit SysEx crash/Info.plist";
				IPHONEOS_DEPLOYMENT_TARGET = 14.0;
				LD_RUNPATH_SEARCH_PATHS = (
					"$(inherited)",
					"@executable_path/Frameworks",
				);
				PRODUCT_BUNDLE_IDENTIFIER = "uk.co.adamjansch.AudioKit-SysEx-crash";
				PRODUCT_NAME = "$(TARGET_NAME)";
				SWIFT_VERSION = 5.0;
				TARGETED_DEVICE_FAMILY = "1,2";
			};
			name = Debug;
		};
		37148EB625B4351E006AEE32 /* Release */ = {
			isa = XCBuildConfiguration;
			buildSettings = {
				ASSETCATALOG_COMPILER_APPICON_NAME = AppIcon;
				ASSETCATALOG_COMPILER_GLOBAL_ACCENT_COLOR_NAME = AccentColor;
				CODE_SIGN_STYLE = Automatic;
				DEVELOPMENT_ASSET_PATHS = "\"AudioKit SysEx crash/Preview Content\"";
				DEVELOPMENT_TEAM = VG27CYE64F;
				ENABLE_PREVIEWS = YES;
				INFOPLIST_FILE = "AudioKit SysEx crash/Info.plist";
				IPHONEOS_DEPLOYMENT_TARGET = 14.0;
				LD_RUNPATH_SEARCH_PATHS = (
					"$(inherited)",
					"@executable_path/Frameworks",
				);
				PRODUCT_BUNDLE_IDENTIFIER = "uk.co.adamjansch.AudioKit-SysEx-crash";
				PRODUCT_NAME = "$(TARGET_NAME)";
				SWIFT_VERSION = 5.0;
				TARGETED_DEVICE_FAMILY = "1,2";
			};
			name = Release;
		};
/* End XCBuildConfiguration section */

/* Begin XCConfigurationList section */
		37148EA025B4351C006AEE32 /* Build configuration list for PBXProject "AudioKit SysEx crash" */ = {
			isa = XCConfigurationList;
			buildConfigurations = (
				37148EB225B4351E006AEE32 /* Debug */,
				37148EB325B4351E006AEE32 /* Release */,
			);
			defaultConfigurationIsVisible = 0;
			defaultConfigurationName = Release;
		};
		37148EB425B4351E006AEE32 /* Build configuration list for PBXNativeTarget "AudioKit SysEx crash" */ = {
			isa = XCConfigurationList;
			buildConfigurations = (
				37148EB525B4351E006AEE32 /* Debug */,
				37148EB625B4351E006AEE32 /* Release */,
			);
			defaultConfigurationIsVisible = 0;
			defaultConfigurationName = Release;
		};
/* End XCConfigurationList section */
	};
	rootObject = 37148E9D25B4351C006AEE32 /* Project object */;
}
